<?xml version="1.0" encoding="UTF-8" standalone="yes" ?>
<CodeBlocks_project_file>
	<FileVersion major="1" minor="6" />
	<Project>
		<Option title="Vessel on Stormy Waves" />
		<Option pch_mode="2" />
		<Option compiler="gcc" />
		<Build>
			<Target title="Vessel on Stormy Waves">
				<Option platforms="Unix;" />
				<Option output="Dev/Aurora" prefix_auto="1" extension_auto="1" />
				<Option working_dir="../Vessel" />
				<Option object_output="Dev/Obj/" />
				<Option type="1" />
				<Option compiler="gnu_gcc_compiler_mingw" />
				<Option use_console_runner="0" />
				<Option parameters='&quot;A-1206 Cruise-2.vsl&quot; &quot;Ч27 Спасатель.vsl&quot; &quot;Ч26 Ледокол.vsl&quot; Аврора &quot;A-1201 КМУ+ЛКИ-80.vsl&quot; &quot;Крейсер Аврора.vsl&quot; &quot;Крейсера Москва-Ленинград-1123.vsl&quot; &quot;Крейсер Рюрик-II-1905.vsl&quot; &quot;МПК Альбатрос-1124.vsl&quot; &quot;Эскадренный миноносец «Спокойный»-56.vsl&quot; &quot;A-1204 Траулер-83+слип.vsl&quot; Буревестник-1135.vsl &quot;1985 МИДВ(малая инерция действующей ватерлинии)%2.vsl&quot; &quot;JAPAN Bulk Carrier.vsl&quot; &quot;Алексей Косыгин.vsl&quot; &quot;A-1203 Универсальное транспортное судно, 1986.vsl&quot; &quot;OSU Regional Class Research Vessel.vsl&quot; &quot;Эскадренный броненосец «Цесаревич».vsl&quot; &quot;Ч26 Ледокол.vsl&quot; БПК_Удалой-1155.vsl DDX-1000(ONR5613).vsl &quot;Ч13 Рефрижератор.vsl&quot; &quot;A-1202 Морской спасатель - научно-исследовательское судно.vsl&quot; &quot;Крейсер Варяг-01.vsl&quot; &quot;Steamship «United States».vsl&quot; Examples\Кубик.vsl Examples\Шар-5.vsl  &quot;A-1200 Early.vsl&quot; &quot;Речной теплоход «Родина» (пр-588).vsl&quot; &quot;НИС Профессор Павел Гордиенко.vsl&quot; &quot;2006 Плавниковый подзор.vsl&quot; &quot;DTMB-5415 US Navy Combatant.obj&quot; &quot;Крейсер Варяг-58.vsl&quot; &quot;KRISO Container Ship(SVA)KCS.vsl&quot; &quot;A-1205 Пассажирское судно, 2002.vsl&quot; &quot;Крейсер 3956.vsl&quot; &quot;Крейсер Киров-1144.vsl&quot; &quot;2001 Гидрофизический модуль.vsl&quot; &quot;A-1204 Траулер в корпусе броненосца.vsl&quot;' />
				<Option projectCompilerOptionsRelation="0" />
				<Option projectLinkerOptionsRelation="2" />
			</Target>
			<Target title="Aurora-64">
				<Option output="../../Work/Aurora-64" prefix_auto="1" extension_auto="1" />
				<Option working_dir="../Vessel" />
				<Option object_output="Dev/Obj/64/" />
				<Option type="1" />
				<Option compiler="gnu_gcc_stable" />
				<Option use_console_runner="0" />
				<Option parameters='&quot;OSU Regional Class Research Vessel.vsl&quot; Аврора &quot;1985 МИДВ(малая инерция действующей ватерлинии)%2.vsl&quot; &quot;Эскадренный броненосец «Цесаревич».vsl&quot; &quot;A-1206 Cruise-2.vsl&quot; DDX-1000(ONR5613).vsl Буревестник-1135.vsl БПК_Стерегущий-61.vsl' />
				<Option projectCompilerOptionsRelation="0" />
				<Option projectLinkerOptionsRelation="2" />
			</Target>
			<Target title="Waves Profile">
				<Option output="Dev/Wave" prefix_auto="1" extension_auto="1" />
				<Option working_dir="../Vessel" />
				<Option object_output="Dev/Obj/" />
				<Option type="1" />
				<Option compiler="gcc" />
				<Option use_console_runner="0" />
				<Option projectCompilerOptionsRelation="0" />
				<Option projectLinkerOptionsRelation="2" />
			</Target>
		</Build>
		<Compiler>
			<Add option="-fexpensive-optimizations" />
			<Add option="-Os" />
			<Add option="-Wcast-align" />
			<Add option="-Wmissing-declarations" />
			<Add option="-funsigned-char" />
			<Add option="-fopenmp" />
			<Add option="-Wunused" />
		</Compiler>
		<Linker>
			<Add option="-s" />
			<Add library="opengl32" />
			<Add library="glu32" />
			<Add library="comdlg32" />
			<Add library="gdi32" />
			<Add library="gomp" />
		</Linker>
		<Unit filename="../Math/Function.cpp">
			<Option target="Vessel on Stormy Waves" />
			<Option target="Aurora-64" />
		</Unit>
		<Unit filename="../Math/Function.h">
			<Option target="&lt;{~None~}&gt;" />
		</Unit>
		<Unit filename="../Math/Tensor.cpp">
			<Option target="Vessel on Stormy Waves" />
			<Option target="Aurora-64" />
		</Unit>
		<Unit filename="../Math/Tensor.h">
			<Option target="&lt;{~None~}&gt;" />
		</Unit>
		<Unit filename="../Math/Vector.h">
			<Option target="&lt;{~None~}&gt;" />
		</Unit>
		<Unit filename="../Math/Volume.cpp">
			<Option target="&lt;{~None~}&gt;" />
		</Unit>
		<Unit filename="../Math/Volume.h">
			<Option target="&lt;{~None~}&gt;" />
		</Unit>
		<Unit filename="../Storm/Aurora.inc">
			<Option target="Vessel on Stormy Waves" />
			<Option target="Aurora-64" />
		</Unit>
		<Unit filename="../Storm/Flex.h">
			<Option target="&lt;{~None~}&gt;" />
		</Unit>
		<Unit filename="../Storm/Aurora.cpp">
			<Option target="Vessel on Stormy Waves" />
			<Option target="Aurora-64" />
		</Unit>
		<Unit filename="../Storm/Aurora.h">
			<Option target="Vessel on Stormy Waves" />
			<Option target="Aurora-64" />
		</Unit>
		<Unit filename="../Storm/Vs-conf.cpp">
			<Option target="Vessel on Stormy Waves" />
			<Option target="Aurora-64" />
		</Unit>
		<Unit filename="../Storm/Vs-draw.cpp">
			<Option target="Vessel on Stormy Waves" />
			<Option target="Aurora-64" />
		</Unit>
		<Unit filename="../Storm/Vs-hull.cpp">
			<Option target="Vessel on Stormy Waves" />
			<Option target="Aurora-64" />
		</Unit>
		<Unit filename="../Storm/Vs-math.cpp">
			<Option target="Vessel on Stormy Waves" />
			<Option target="Aurora-64" />
		</Unit>
		<Unit filename="../Storm/Vs-view.cpp">
			<Option target="Vessel on Stormy Waves" />
			<Option target="Aurora-64" />
		</Unit>
		<Unit filename="../Storm/Vs-write.cpp">
			<Option target="Vessel on Stormy Waves" />
			<Option target="Aurora-64" />
		</Unit>
		<Unit filename="../Storm/Wave/Draw.cpp">
			<Option target="Waves Profile" />
		</Unit>
		<Unit filename="../Storm/Wave/Math.cpp">
			<Option target="Waves Profile" />
		</Unit>
		<Unit filename="../Storm/Wave/Wave.cpp">
			<Option target="Waves Profile" />
		</Unit>
		<Unit filename="../Storm/Wave/Wave.h">
			<Option target="Waves Profile" />
		</Unit>
		<Unit filename="../Storm/Ws-field.cpp">
			<Option target="Vessel on Stormy Waves" />
			<Option target="Aurora-64" />
		</Unit>
		<Unit filename="../Storm/Ws-view.cpp">
			<Option target="Vessel on Stormy Waves" />
			<Option target="Aurora-64" />
		</Unit>
		<Unit filename="../Tools/Allocate.cpp" />
		<Unit filename="../Tools/Allocate.h">
			<Option target="Vessel on Stormy Waves" />
			<Option target="Aurora-64" />
		</Unit>
		<Unit filename="../Tools/FileOpen.cpp">
			<Option target="Vessel on Stormy Waves" />
			<Option target="Aurora-64" />
		</Unit>
		<Unit filename="../Tools/Ship.Rc">
			<Option compilerVar="WINDRES" />
			<Option target="Aurora-64" />
			<Option target="Waves Profile" />
		</Unit>
		<Unit filename="../Tools/StrCpy.cpp">
			<Option target="Vessel on Stormy Waves" />
			<Option target="Aurora-64" />
		</Unit>
		<Unit filename="../Type.h" />
		<Unit filename="../Window/ConIO.cpp" />
		<Unit filename="../Window/ConIO.h">
			<Option target="&lt;{~None~}&gt;" />
		</Unit>
		<Unit filename="../Window/Julian.cpp" />
		<Unit filename="../Window/Sym_CCCP.c">
			<Option compilerVar="CC" />
			<Option target="&lt;{~None~}&gt;" />
		</Unit>
		<Unit filename="../Window/UniCode.cpp" />
		<Unit filename="../Window/View.cpp" />
		<Unit filename="../Window/View.h" />
		<Unit filename="../Window/Window-Free.cpp">
			<Option compile="0" />
			<Option link="0" />
			<Option target="Waves Profile" />
		</Unit>
		<Unit filename="../Window/Window-Place.cpp">
			<Option compile="0" />
			<Option link="0" />
			<Option target="Waves Profile" />
		</Unit>
		<Unit filename="../Window/Window.cpp" />
		<Unit filename="../Window/Window.h">
			<Option target="&lt;{~None~}&gt;" />
		</Unit>
		<Unit filename="../Window/Window_Help.cpp" />
		<Unit filename="../Window/Window_Menu.cpp" />
		<Extensions>
			<lib_finder disable_auto="1" />
		</Extensions>
	</Project>
</CodeBlocks_project_file>
