<?xml version="1.0" encoding="UTF-8" standalone="yes" ?>
<CodeBlocks_project_file>
	<FileVersion major="1" minor="6" />
	<Project>
		<Option title="Hull of Ship optimisation" />
		<Option pch_mode="2" />
		<Option compiler="gcc" />
		<Build>
			<Target title="Hull">
				<Option output="../../Hull" prefix_auto="1" extension_auto="1" />
				<Option working_dir="../Vessel" />
				<Option object_output="../../Work/Obj" />
				<Option type="0" />
				<Option compiler="gcc" />
				<Option parameters='&quot;S60(d=0,69) Free!Ship&quot; &quot;Сторожевой корабль «Буревестник»-1135&quot; &quot;СРТМК «Василий Яковенко»-502ЭМ&quot; &quot;A-1206 Cruise-1&quot; &quot;Буксир «Арктикаборг»&quot; &quot;A-1206 Cruise-2&quot; Examples\Куб-5 Examples\Шар-5 Examples\Шлюпка Examples\Эллипс &quot;A-1201 Корвет-А&quot;' />
				<Option projectLinkerOptionsRelation="2" />
				<Compiler>
					<Add option="-fopenmp" />
				</Compiler>
				<Linker>
					<Add library="gomp" />
				</Linker>
			</Target>
			<Target title="Hull-64">
				<Option output="../../../Work/Hull-64" prefix_auto="1" extension_auto="1" />
				<Option working_dir="../Vessel" />
				<Option object_output="../../Work/Obj" />
				<Option type="0" />
				<Option compiler="gcc-mingw64" />
				<Compiler>
					<Add option="-m64" />
					<Add option="-fopenmp" />
					<Add option="-Wno-narrowing" />
				</Compiler>
				<Linker>
					<Add option="-static-libgcc" />
					<Add option="-static" />
					<Add option="-m64" />
					<Add library="gomp" />
				</Linker>
			</Target>
			<Target title="Ship">
				<Option output="../../Ship" prefix_auto="1" extension_auto="1" />
				<Option working_dir="../../Ship" />
				<Option object_output="../../Work/Obj" />
				<Option type="0" />
				<Option compiler="gcc" />
				<Option parameters='&quot;Ships\Samples\Галеон Великих Испанских географических открытий.ftm&quot; &quot;Save\ONR-5613_DDX-2000.fef&quot; &quot;Ships\History\Carrack «Mary Rose».fbm&quot; &quot;Save\Import\Perle2(DS).fef&quot; &quot;Ships\Fregate type 23-11.fbm&quot; Save\~באסילי.ftm' />
				<Option projectLinkerOptionsRelation="2" />
				<Linker>
					<Add library="glu32" />
				</Linker>
			</Target>
		</Build>
		<Compiler>
			<Add option="-fexpensive-optimizations" />
			<Add option="-Os" />
			<Add option="-funsigned-char" />
			<Add option="-fexec-charset=UTF-8" />
			<Add option="-finput-charset=UTF-8" />
			<Add option="-ffast-math" />
			<Add option="-fno-exceptions" />
			<Add option="-Wunused" />
		</Compiler>
		<Linker>
			<Add option="-s" />
			<Add library="opengl32" />
			<Add library="gdi32" />
			<Add library="comdlg32" />
		</Linker>
		<Unit filename="../Math/Complex.h">
			<Option target="Hull" />
			<Option target="Hull-64" />
		</Unit>
		<Unit filename="../Ship/Hull.cpp">
			<Option target="Hull" />
			<Option target="Hull-64" />
		</Unit>
		<Unit filename="../Ship/Hull.h">
			<Option target="Hull" />
			<Option target="Hull-64" />
		</Unit>
		<Unit filename="../Ship/K-Frame.cpp">
			<Option target="Hull" />
			<Option target="Hull-64" />
		</Unit>
		<Unit filename="../Ship/K-Hull.cpp">
			<Option target="Hull" />
			<Option target="Hull-64" />
		</Unit>
		<Unit filename="../Ship/K-Math.cpp">
			<Option target="Hull" />
			<Option target="Hull-64" />
		</Unit>
		<Unit filename="../Ship/K-Statics.cpp">
			<Option target="Hull" />
			<Option target="Hull-64" />
		</Unit>
		<Unit filename="../Ship/K_Michell.cpp">
			<Option target="Hull" />
			<Option target="Hull-64" />
		</Unit>
		<Unit filename="../Ship/K_Wave.cpp">
			<Option target="Hull" />
			<Option target="Hull-64" />
		</Unit>
		<Unit filename="../Ship/K_WaveAta.cpp">
			<Option target="Hull" />
			<Option target="Hull-64" />
		</Unit>
		<Unit filename="../Ship/K_WaveGot.cpp">
			<Option target="Hull" />
			<Option target="Hull-64" />
		</Unit>
		<Unit filename="../Ship/Ship.cpp">
			<Option target="Ship" />
		</Unit>
		<Unit filename="../Ship/Ship.h">
			<Option target="Ship" />
		</Unit>
		<Unit filename="../Ship/Ship_IO.cpp">
			<Option target="Ship" />
		</Unit>
		<Unit filename="../Ship/Ship_Surface.cpp">
			<Option target="Ship" />
		</Unit>
		<Unit filename="../Storm/Flex.cpp">
			<Option target="Ship" />
		</Unit>
		<Unit filename="../Storm/Flex.h">
			<Option target="Ship" />
		</Unit>
		<Unit filename="../Tools/Allocate.cpp" />
		<Unit filename="../Tools/FileOpen.cpp" />
		<Unit filename="../Tools/Ship.Rc">
			<Option compilerVar="WINDRES" />
		</Unit>
		<Unit filename="../Tools/StrCpy.cpp" />
		<Unit filename="../Type.h" />
		<Unit filename="../Window/ConIO.cpp">
			<Option target="Ship" />
		</Unit>
		<Unit filename="../Window/Font.cpp" />
		<Unit filename="../Window/Julian.cpp" />
		<Unit filename="../Window/Sym_CCCP.c">
			<Option compilerVar="CC" />
			<Option compile="0" />
			<Option link="0" />
		</Unit>
		<Unit filename="../Window/UniCode.cpp" />
		<Unit filename="../Window/View.cpp">
			<Option target="Ship" />
		</Unit>
		<Unit filename="../Window/View.h">
			<Option target="Ship" />
		</Unit>
		<Unit filename="../Window/WinMSoft.cpp">
			<Option compile="0" />
			<Option link="0" />
		</Unit>
		<Unit filename="../Window/Window-Free.cpp">
			<Option target="&lt;{~None~}&gt;" />
		</Unit>
		<Unit filename="../Window/Window-Place.cpp">
			<Option target="&lt;{~None~}&gt;" />
		</Unit>
		<Unit filename="../Window/Window.cpp" />
		<Unit filename="../Window/Window.h">
			<Option target="Hull" />
			<Option target="Hull-64" />
		</Unit>
		<Unit filename="../Window/Window_Help.cpp" />
		<Unit filename="../Window/Window_Menu.cpp">
			<Option target="Hull" />
			<Option target="Hull-64" />
		</Unit>
		<Extensions />
	</Project>
</CodeBlocks_project_file>
