<?xml version="1.0" encoding="UTF-8" standalone="yes" ?>
<CodeBlocks_project_file>
	<FileVersion major="1" minor="6" />
	<Project>
		<Option title="Vector &amp; Tensor" />
		<Option pch_mode="2" />
		<Option compiler="gcc" />
		<Build>
			<Target title="Dipole">
				<Option platforms="Windows;" />
				<Option output="../../Work/Dipole" prefix_auto="1" extension_auto="1" />
				<Option working_dir="Dev/" />
				<Option object_output="../../Work/Obj" />
				<Option type="0" />
				<Option compiler="gcc" />
				<Compiler>
					<Add option="-Os" />
					<Add option="-m32" />
					<Add option="-fopenmp" />
				</Compiler>
				<Linker>
					<Add option="-s" />
					<Add option="-static-libgcc" />
					<Add option="-static" />
					<Add option="-m32" />
					<Add library="gomp" />
				</Linker>
			</Target>
			<Target title="Vector-Tensor">
				<Option platforms="Windows;" />
				<Option output="../../Work/Vector and Tensor" prefix_auto="1" extension_auto="1" />
				<Option working_dir="Dev/" />
				<Option object_output="../../Work/Obj" />
				<Option type="0" />
				<Option compiler="gcc" />
			</Target>
			<Target title="Tensor Base Space">
				<Option platforms="Windows;" />
				<Option output="../../Work/Tensor Base Space" prefix_auto="1" extension_auto="1" />
				<Option working_dir="Dev/" />
				<Option object_output="../../Work/Obj" />
				<Option type="0" />
				<Option compiler="gcc" />
			</Target>
			<Target title="Phyzical Corpuscules">
				<Option platforms="Windows;" />
				<Option output="../../Work/Physical Simulation" prefix_auto="1" extension_auto="1" />
				<Option working_dir="Dev/" />
				<Option object_output="../../Work/Obj" />
				<Option type="0" />
				<Option compiler="gcc" />
				<Compiler>
					<Add option="-fopenmp" />
				</Compiler>
				<Linker>
					<Add option="-fopenmp" />
					<Add library="gomp" />
				</Linker>
			</Target>
			<Target title="xFoam">
				<Option platforms="Windows;" />
				<Option output="../../Work/xFoam" prefix_auto="1" extension_auto="1" />
				<Option working_dir="Dev/" />
				<Option object_output="../../Work/Obj" />
				<Option type="0" />
				<Option compiler="gcc" />
				<Option parameters="0 1 2 A B C" />
			</Target>
		</Build>
		<Compiler>
			<Add option="-Os" />
			<Add option="-funsigned-char" />
		</Compiler>
		<Linker>
			<Add option="-s" />
			<Add library="Lib/libWindow32.a" />
			<Add library="opengl32" />
			<Add library="glu32" />
			<Add library="gdi32" />
		</Linker>
		<Unit filename="../Math/Complex.h">
			<Option target="Tensor Base Space" />
		</Unit>
		<Unit filename="../Math/Function.h">
			<Option target="Tensor Base Space" />
		</Unit>
		<Unit filename="../Math/Model.h">
			<Option target="Tensor Base Space" />
		</Unit>
		<Unit filename="../Math/Tensor.h">
			<Option target="Tensor Base Space" />
		</Unit>
		<Unit filename="../Math/Vector.h">
			<Option target="Tensor Base Space" />
		</Unit>
		<Unit filename="../Math/Volume.h">
			<Option target="Tensor Base Space" />
		</Unit>
		<Unit filename="../Type.h">
			<Option target="Dipole" />
			<Option target="Vector-Tensor" />
			<Option target="Tensor Base Space" />
			<Option target="Phyzical Corpuscules" />
		</Unit>
		<Unit filename="../Volume/Dipoles.cpp">
			<Option target="Dipole" />
		</Unit>
		<Unit filename="../Volume/Dipoles.h">
			<Option target="Dipole" />
		</Unit>
		<Unit filename="../Volume/Dipoles_math.cpp">
			<Option target="Dipole" />
		</Unit>
		<Unit filename="../Volume/Dipoles_tools.cpp">
			<Option target="Dipole" />
		</Unit>
		<Unit filename="../Volume/Dipoles_video.cpp">
			<Option target="Dipole" />
		</Unit>
		<Unit filename="../Volume/Mfp_2009-01-15.cpp">
			<Option target="Phyzical Corpuscules" />
		</Unit>
		<Unit filename="../Volume/Phyzical Simulations.cpp">
			<Option target="Phyzical Corpuscules" />
		</Unit>
		<Unit filename="../Volume/Tensor Base Space.cpp">
			<Option target="Tensor Base Space" />
		</Unit>
		<Unit filename="../Volume/Tensor to ConIO.cpp">
			<Option target="Vector-Tensor" />
			<Option target="Tensor Base Space" />
		</Unit>
		<Unit filename="../Volume/Vector and Tensor.cpp">
			<Option target="Vector-Tensor" />
		</Unit>
		<Unit filename="../Volume/xFoam.cpp">
			<Option target="xFoam" />
		</Unit>
		<Unit filename="../Window/ConIO.cpp">
			<Option target="xFoam" />
		</Unit>
		<Unit filename="../Window/ConIO.h">
			<Option target="Dipole" />
			<Option target="Vector-Tensor" />
			<Option target="Tensor Base Space" />
			<Option target="Phyzical Corpuscules" />
		</Unit>
		<Unit filename="../Window/View.h">
			<Option target="Dipole" />
			<Option target="Vector-Tensor" />
			<Option target="Tensor Base Space" />
			<Option target="Phyzical Corpuscules" />
		</Unit>
		<Unit filename="../Window/Window.cpp">
			<Option target="xFoam" />
		</Unit>
		<Unit filename="../Window/Window.h" />
		<Extensions>
			<lib_finder disable_auto="1" />
		</Extensions>
	</Project>
</CodeBlocks_project_file>
