<?xml version="1.0" encoding="UTF-8" standalone="yes" ?>
<CodeBlocks_project_file>
	<FileVersion major="1" minor="6" />
	<Project>
		<Option title="Vessel on Stormy Waves" />
		<Option pch_mode="2" />
		<Option compiler="gcc" />
		<Build>
			<Target title="Vessel on Stormy Waves">
				<Option platforms="Windows;" />
				<Option output="../../Work/Vessel" prefix_auto="1" extension_auto="1" />
				<Option working_dir="../Vessel" />
				<Option object_output="Dev/Obj" />
				<Option type="0" />
				<Option compiler="gcc" />
				<Option parameters='«Аврора» DD(X)-ONR5613 &quot;A-1204 Траулер-83+слип&quot; &quot;Эскадренный броненосец «Цесаревич»&quot; &quot;Г-5 Туполев&quot; &quot;A-1202 Морской спасатель - научно-исследовательское судно&quot; &quot;Крейсер «Рюрик»-II-1905&quot; &quot;EFF04 для Курил&quot; &quot;2006 Плавниковый подзор&quot; &quot;Крейсер «Варяг»-58&quot; &quot;A-1206 Cruise-2&quot; &quot;Буксир «Арктикаборг»&quot; &quot;A-1200 Early&quot; Examples\Куб-5 &quot;БПК «Стерегущий»-61&quot; &quot;OSU Regional Class Research Vessel&quot; &quot;Буксир «Витязь»&quot; &quot;Речной теплоход «Родина» (Готман)&quot;' />
				<Option projectCompilerOptionsRelation="0" />
				<Option projectLinkerOptionsRelation="2" />
				<Linker>
					<Add option="-static-libstdc++" />
					<Add option="-static-libgcc" />
					<Add option="-static" />
				</Linker>
			</Target>
			<Target title="Vessel-32">
				<Option output="../../Work/Vessel-32" prefix_auto="1" extension_auto="1" />
				<Option working_dir="../Vessel" />
				<Option object_output="Dev/Obj/64/" />
				<Option type="0" />
				<Option compiler="gnu_gcc_stable32" />
				<Option parameters='&quot;Эскадренный броненосец «Цесаревич».vsl&quot;' />
				<Option projectCompilerOptionsRelation="2" />
				<Compiler>
					<Add option="-m32" />
				</Compiler>
				<Linker>
					<Add option="-m32" />
					<Add library="pthread" />
					<Add library="dl" />
				</Linker>
			</Target>
			<Target title="Vessel-64">
				<Option output="../../Work/Vessel-64" prefix_auto="1" extension_auto="1" />
				<Option working_dir="../Vessel" />
				<Option object_output="Dev/Obj/64/" />
				<Option type="0" />
				<Option compiler="gnu_gcc_stable" />
				<Option parameters='&quot;БПК «Стерегущий»-61&quot;' />
				<Option projectCompilerOptionsRelation="2" />
				<Compiler>
					<Add option="-m64" />
				</Compiler>
				<Linker>
					<Add option="-m64" />
					<Add library="pthread" />
					<Add library="dl" />
				</Linker>
			</Target>
			<Target title="Vessel-night">
				<Option output="Dev/Vessel-night" prefix_auto="1" extension_auto="1" />
				<Option working_dir="../Vessel" />
				<Option object_output="Dev/Obj/night/" />
				<Option type="0" />
				<Option compiler="gnu_gcc_stable32" />
				<Option parameters='&quot;OSU Regional Class Research Vessel.vsl&quot;' />
				<Option projectCompilerOptionsRelation="2" />
				<Linker>
					<Add library="pthread" />
					<Add library="dl" />
				</Linker>
			</Target>
			<Target title="Waves Profile">
				<Option output="../../Work/Wave" prefix_auto="1" extension_auto="1" />
				<Option working_dir="Data" />
				<Option object_output="Dev/Obj/Waves" />
				<Option type="0" />
				<Option compiler="gcc" />
				<Option projectCompilerOptionsRelation="0" />
				<Option projectLinkerOptionsRelation="2" />
			</Target>
		</Build>
		<Compiler>
			<Add option="-fexpensive-optimizations" />
			<Add option="-Os" />
			<Add option="-Wcast-align" />
			<Add option="-Wmissing-declarations" />
			<Add option="-Wmain" />
			<Add option="-funsigned-char" />
			<Add option="-fexec-charset=UTF-8" />
			<Add option="-finput-charset=UTF-8" />
			<Add option="-fopenmp" />
			<Add option="-ffast-math" />
			<Add option="-fno-exceptions" />
			<Add option="-Wunused" />
		</Compiler>
		<Linker>
			<Add option="-s" />
			<Add library="opengl32" />
			<Add library="glu32" />
			<Add library="gdi32" />
			<Add library="comdlg32" />
			<Add library="gomp" />
		</Linker>
		<Unit filename="../Math/Tensor.cpp">
			<Option target="Vessel on Stormy Waves" />
			<Option target="Vessel-64" />
			<Option target="Vessel-night" />
			<Option target="Vessel-32" />
		</Unit>
		<Unit filename="../Math/Tensor.h">
			<Option target="&lt;{~None~}&gt;" />
		</Unit>
		<Unit filename="../Math/Vector.h">
			<Option target="&lt;{~None~}&gt;" />
		</Unit>
		<Unit filename="../Storm/Aurora.inc">
			<Option target="Vessel on Stormy Waves" />
			<Option target="Vessel-64" />
			<Option target="Vessel-night" />
			<Option target="Vessel-32" />
		</Unit>
		<Unit filename="../Storm/Flex.cpp">
			<Option target="Vessel on Stormy Waves" />
			<Option target="Vessel-64" />
			<Option target="Vessel-night" />
			<Option target="Vessel-32" />
		</Unit>
		<Unit filename="../Storm/Vessel.cpp">
			<Option target="Vessel on Stormy Waves" />
			<Option target="Vessel-64" />
			<Option target="Vessel-night" />
			<Option target="Vessel-32" />
		</Unit>
		<Unit filename="../Storm/Vessel.h">
			<Option target="Vessel on Stormy Waves" />
			<Option target="Vessel-64" />
			<Option target="Vessel-night" />
			<Option target="Vessel-32" />
		</Unit>
		<Unit filename="../Storm/Vs-conf.cpp">
			<Option target="Vessel on Stormy Waves" />
			<Option target="Vessel-64" />
			<Option target="Vessel-night" />
			<Option target="Vessel-32" />
		</Unit>
		<Unit filename="../Storm/Vs-draw.cpp">
			<Option target="Vessel on Stormy Waves" />
			<Option target="Vessel-64" />
			<Option target="Vessel-night" />
			<Option target="Vessel-32" />
		</Unit>
		<Unit filename="../Storm/Vs-hull.cpp">
			<Option target="Vessel on Stormy Waves" />
			<Option target="Vessel-64" />
			<Option target="Vessel-night" />
			<Option target="Vessel-32" />
		</Unit>
		<Unit filename="../Storm/Vs-math.cpp">
			<Option target="Vessel on Stormy Waves" />
			<Option target="Vessel-64" />
			<Option target="Vessel-night" />
			<Option target="Vessel-32" />
		</Unit>
		<Unit filename="../Storm/Vs-regst.cpp">
			<Option target="Vessel on Stormy Waves" />
			<Option target="Vessel-32" />
			<Option target="Vessel-64" />
			<Option target="Vessel-night" />
		</Unit>
		<Unit filename="../Storm/Vs-view.cpp">
			<Option target="Vessel on Stormy Waves" />
			<Option target="Vessel-64" />
			<Option target="Vessel-night" />
			<Option target="Vessel-32" />
		</Unit>
		<Unit filename="../Storm/Vs-write.cpp">
			<Option target="Vessel on Stormy Waves" />
			<Option target="Vessel-64" />
			<Option target="Vessel-night" />
			<Option target="Vessel-32" />
		</Unit>
		<Unit filename="../Storm/Wave/Draw.cpp">
			<Option target="Waves Profile" />
		</Unit>
		<Unit filename="../Storm/Wave/Math.cpp">
			<Option target="Waves Profile" />
		</Unit>
		<Unit filename="../Storm/Wave/Wave.cpp">
			<Option target="Waves Profile" />
		</Unit>
		<Unit filename="../Storm/Wave/Wave.h">
			<Option target="Waves Profile" />
		</Unit>
		<Unit filename="../Storm/Ws-field.cpp">
			<Option target="Vessel on Stormy Waves" />
			<Option target="Vessel-64" />
			<Option target="Vessel-night" />
			<Option target="Vessel-32" />
		</Unit>
		<Unit filename="../Storm/Ws-view.cpp">
			<Option target="Vessel on Stormy Waves" />
			<Option target="Vessel-64" />
			<Option target="Vessel-night" />
			<Option target="Vessel-32" />
		</Unit>
		<Unit filename="../Tools/Allocate.cpp" />
		<Unit filename="../Tools/Allocate.h">
			<Option target="Vessel on Stormy Waves" />
			<Option target="Vessel-64" />
			<Option target="Vessel-night" />
			<Option target="Vessel-32" />
		</Unit>
		<Unit filename="../Tools/FileOpen.cpp">
			<Option target="Vessel on Stormy Waves" />
			<Option target="Vessel-64" />
			<Option target="Vessel-night" />
			<Option target="Vessel-32" />
		</Unit>
		<Unit filename="../Tools/Ship.Rc">
			<Option compilerVar="WINDRES" />
		</Unit>
		<Unit filename="../Tools/StrCpy.cpp" />
		<Unit filename="../Type.h" />
		<Unit filename="../Window/ConIO.cpp" />
		<Unit filename="../Window/ConIO.h">
			<Option target="&lt;{~None~}&gt;" />
		</Unit>
		<Unit filename="../Window/Julian.cpp" />
		<Unit filename="../Window/Sym_CCCP.c">
			<Option compilerVar="CC" />
			<Option compile="0" />
			<Option link="0" />
			<Option target="&lt;{~None~}&gt;" />
		</Unit>
		<Unit filename="../Window/UniCode.cpp" />
		<Unit filename="../Window/View.cpp" />
		<Unit filename="../Window/View.h" />
		<Unit filename="../Window/Window-Free.cpp">
			<Option compile="0" />
			<Option link="0" />
			<Option target="Waves Profile" />
		</Unit>
		<Unit filename="../Window/Window-Place.cpp">
			<Option compile="0" />
			<Option link="0" />
			<Option target="Waves Profile" />
		</Unit>
		<Unit filename="../Window/Window.cpp" />
		<Unit filename="../Window/Window.h">
			<Option target="&lt;{~None~}&gt;" />
		</Unit>
		<Unit filename="../Window/Window_Help.cpp" />
		<Unit filename="../Window/Window_Menu.cpp" />
		<Extensions>
			<lib_finder disable_auto="1" />
		</Extensions>
	</Project>
</CodeBlocks_project_file>
